
Microsoft Visual Studio Solution File, Format Version 12.00
# Visual Studio Version 17
VisualStudioVersion = 17.14.36623.8 d17.14
MinimumVisualStudioVersion = 10.0.40219.1
Project("{13B669BE-BB05-4DDF-9536-439F39A36129}") = "ImageCompare2026", "ImageCompare2026.phpproj", "{34FD9309-94DC-B52C-8672-31849C5355F8}"
EndProject
Global
	GlobalSection(SolutionConfigurationPlatforms) = preSolution
		Debug|Any CPU = Debug|Any CPU
		Release|Any CPU = Release|Any CPU
	EndGlobalSection
	GlobalSection(ProjectConfigurationPlatforms) = postSolution
		{34FD9309-94DC-B52C-8672-31849C5355F8}.Debug|Any CPU.ActiveCfg = Debug|Any CPU
		{34FD9309-94DC-B52C-8672-31849C5355F8}.Debug|Any CPU.Build.0 = Debug|Any CPU
		{34FD9309-94DC-B52C-8672-31849C5355F8}.Release|Any CPU.ActiveCfg = Release|Any CPU
		{34FD9309-94DC-B52C-8672-31849C5355F8}.Release|Any CPU.Build.0 = Release|Any CPU
	EndGlobalSection
	GlobalSection(SolutionProperties) = preSolution
		HideSolutionNode = FALSE
	EndGlobalSection
	GlobalSection(ExtensibilityGlobals) = postSolution
		SolutionGuid = {54934559-CFA4-4FA2-BD89-2847FF9F884E}
	EndGlobalSection
EndGlobal
